
Microsoft Visual Studio Solution File, Format Version 12.00
# Visual Studio Version 17
VisualStudioVersion = 17.5.33414.496
MinimumVisualStudioVersion = 10.0.40219.1
Project("{9A19103F-16F7-4668-BE54-9A1E7A4F7556}") = "LIBRERIA", "LIBRERIA\LIBRERIA.csproj", "{64E077A4-8862-4FCE-899D-D2FB229C3F81}"
EndProject
Project("{9A19103F-16F7-4668-BE54-9A1E7A4F7556}") = "Back_CRUDs_BD", "..\..\..\..\..\Downloads\sources\repos\PDVAbarrotes2023\code\PDV2023\Back_CRUDs_BD\Back_CRUDs_BD.csproj", "{5EA553A0-FEAC-435D-BEFD-9090E383DD24}"
EndProject
Project("{9A19103F-16F7-4668-BE54-9A1E7A4F7556}") = "Middle_Abarrotes_PDV", "..\..\..\..\..\Downloads\sources\repos\PDVAbarrotes2023\code\PDV2023\Middle_Abarrotes_PDV\Middle_Abarrotes_PDV.csproj", "{50A5A6D2-CD36-46F6-A6E8-5E7503615981}"
EndProject
Global
	GlobalSection(SolutionConfigurationPlatforms) = preSolution
		Debug|Any CPU = Debug|Any CPU
		Release|Any CPU = Release|Any CPU
	EndGlobalSection
	GlobalSection(ProjectConfigurationPlatforms) = postSolution
		{64E077A4-8862-4FCE-899D-D2FB229C3F81}.Debug|Any CPU.ActiveCfg = Debug|Any CPU
		{64E077A4-8862-4FCE-899D-D2FB229C3F81}.Debug|Any CPU.Build.0 = Debug|Any CPU
		{64E077A4-8862-4FCE-899D-D2FB229C3F81}.Release|Any CPU.ActiveCfg = Release|Any CPU
		{64E077A4-8862-4FCE-899D-D2FB229C3F81}.Release|Any CPU.Build.0 = Release|Any CPU
		{5EA553A0-FEAC-435D-BEFD-9090E383DD24}.Debug|Any CPU.ActiveCfg = Debug|Any CPU
		{5EA553A0-FEAC-435D-BEFD-9090E383DD24}.Debug|Any CPU.Build.0 = Debug|Any CPU
		{5EA553A0-FEAC-435D-BEFD-9090E383DD24}.Release|Any CPU.ActiveCfg = Release|Any CPU
		{5EA553A0-FEAC-435D-BEFD-9090E383DD24}.Release|Any CPU.Build.0 = Release|Any CPU
		{50A5A6D2-CD36-46F6-A6E8-5E7503615981}.Debug|Any CPU.ActiveCfg = Debug|Any CPU
		{50A5A6D2-CD36-46F6-A6E8-5E7503615981}.Debug|Any CPU.Build.0 = Debug|Any CPU
		{50A5A6D2-CD36-46F6-A6E8-5E7503615981}.Release|Any CPU.ActiveCfg = Release|Any CPU
		{50A5A6D2-CD36-46F6-A6E8-5E7503615981}.Release|Any CPU.Build.0 = Release|Any CPU
	EndGlobalSection
	GlobalSection(SolutionProperties) = preSolution
		HideSolutionNode = FALSE
	EndGlobalSection
	GlobalSection(ExtensibilityGlobals) = postSolution
		SolutionGuid = {E323B5A9-0635-4902-996C-DBAA88107D30}
	EndGlobalSection
EndGlobal
